
Microsoft Visual Studio Solution File, Format Version 12.00
# Visual Studio Version 16
VisualStudioVersion = 16.0.31112.23
MinimumVisualStudioVersion = 10.0.40219.1
Project("{2150E333-8FDC-42A3-9474-1A3956D46DE8}") = "Doc", "Doc", "{FE8DC42A-F8ED-44F5-B744-D931CA6121DA}"
EndProject
Project("{2150E333-8FDC-42A3-9474-1A3956D46DE8}") = "Src", "Src", "{1514E53A-C8CD-448B-B581-ECBF0744DFB0}"
EndProject
Project("{2150E333-8FDC-42A3-9474-1A3956D46DE8}") = "Test", "Test", "{94A13582-72A9-4076-A048-ED512C659C39}"
EndProject
Project("{2150E333-8FDC-42A3-9474-1A3956D46DE8}") = "Core", "Core", "{47AACC01-1A49-4B16-8C0B-F757DFC6ADDA}"
EndProject
Project("{2150E333-8FDC-42A3-9474-1A3956D46DE8}") = "Common", "Common", "{75A9399A-1260-43D4-A657-AEEFA517F9A0}"
EndProject
Project("{2150E333-8FDC-42A3-9474-1A3956D46DE8}") = "Infrastructure", "Infrastructure", "{2849D9BF-D8F3-41EE-9F80-F05646E7483B}"
EndProject
Project("{2150E333-8FDC-42A3-9474-1A3956D46DE8}") = "Presentation", "Presentation", "{390CEBE6-EE7C-4976-9ADE-064DA1EE1DC0}"
EndProject
Project("{FAE04EC0-301F-11D3-BF4B-00C04F79EFBC}") = "First_Store.Domain", "First_Store.Domain\First_Store.Domain.csproj", "{CE141B5D-AE40-4C72-BE84-7E2ECE7E5EC8}"
EndProject
Project("{FAE04EC0-301F-11D3-BF4B-00C04F79EFBC}") = "First_Store.Application", "First_Store.Application\First_Store.Application.csproj", "{88216C0A-AD25-41C1-AFD9-4DED97B2D98D}"
EndProject
Project("{FAE04EC0-301F-11D3-BF4B-00C04F79EFBC}") = "First_Store.Infrastructure", "First_Store.Infrastructure\First_Store.Infrastructure.csproj", "{1FA3DD90-4C97-4288-A370-A131AB214978}"
EndProject
Project("{FAE04EC0-301F-11D3-BF4B-00C04F79EFBC}") = "First_Store.persistence", "First_Store.persistence\First_Store.persistence.csproj", "{29D3B5DC-DC99-477F-BDA7-FA6BE1E5CF5D}"
EndProject
Project("{FAE04EC0-301F-11D3-BF4B-00C04F79EFBC}") = "First_Store.Common", "First_Store.Common\First_Store.Common.csproj", "{9577BAA1-26B9-4101-A3F4-E4D6049661CA}"
EndProject
Project("{FAE04EC0-301F-11D3-BF4B-00C04F79EFBC}") = "EndPoint.Site", "EndPoint.Site\EndPoint.Site.csproj", "{A13C22F4-E23A-4D4E-BD34-B707EA99C5F6}"
EndProject
Global
	GlobalSection(SolutionConfigurationPlatforms) = preSolution
		Debug|Any CPU = Debug|Any CPU
		Release|Any CPU = Release|Any CPU
	EndGlobalSection
	GlobalSection(ProjectConfigurationPlatforms) = postSolution
		{CE141B5D-AE40-4C72-BE84-7E2ECE7E5EC8}.Debug|Any CPU.ActiveCfg = Debug|Any CPU
		{CE141B5D-AE40-4C72-BE84-7E2ECE7E5EC8}.Debug|Any CPU.Build.0 = Debug|Any CPU
		{CE141B5D-AE40-4C72-BE84-7E2ECE7E5EC8}.Release|Any CPU.ActiveCfg = Release|Any CPU
		{CE141B5D-AE40-4C72-BE84-7E2ECE7E5EC8}.Release|Any CPU.Build.0 = Release|Any CPU
		{88216C0A-AD25-41C1-AFD9-4DED97B2D98D}.Debug|Any CPU.ActiveCfg = Debug|Any CPU
		{88216C0A-AD25-41C1-AFD9-4DED97B2D98D}.Debug|Any CPU.Build.0 = Debug|Any CPU
		{88216C0A-AD25-41C1-AFD9-4DED97B2D98D}.Release|Any CPU.ActiveCfg = Release|Any CPU
		{88216C0A-AD25-41C1-AFD9-4DED97B2D98D}.Release|Any CPU.Build.0 = Release|Any CPU
		{1FA3DD90-4C97-4288-A370-A131AB214978}.Debug|Any CPU.ActiveCfg = Debug|Any CPU
		{1FA3DD90-4C97-4288-A370-A131AB214978}.Debug|Any CPU.Build.0 = Debug|Any CPU
		{1FA3DD90-4C97-4288-A370-A131AB214978}.Release|Any CPU.ActiveCfg = Release|Any CPU
		{1FA3DD90-4C97-4288-A370-A131AB214978}.Release|Any CPU.Build.0 = Release|Any CPU
		{29D3B5DC-DC99-477F-BDA7-FA6BE1E5CF5D}.Debug|Any CPU.ActiveCfg = Debug|Any CPU
		{29D3B5DC-DC99-477F-BDA7-FA6BE1E5CF5D}.Debug|Any CPU.Build.0 = Debug|Any CPU
		{29D3B5DC-DC99-477F-BDA7-FA6BE1E5CF5D}.Release|Any CPU.ActiveCfg = Release|Any CPU
		{29D3B5DC-DC99-477F-BDA7-FA6BE1E5CF5D}.Release|Any CPU.Build.0 = Release|Any CPU
		{9577BAA1-26B9-4101-A3F4-E4D6049661CA}.Debug|Any CPU.ActiveCfg = Debug|Any CPU
		{9577BAA1-26B9-4101-A3F4-E4D6049661CA}.Debug|Any CPU.Build.0 = Debug|Any CPU
		{9577BAA1-26B9-4101-A3F4-E4D6049661CA}.Release|Any CPU.ActiveCfg = Release|Any CPU
		{9577BAA1-26B9-4101-A3F4-E4D6049661CA}.Release|Any CPU.Build.0 = Release|Any CPU
		{A13C22F4-E23A-4D4E-BD34-B707EA99C5F6}.Debug|Any CPU.ActiveCfg = Debug|Any CPU
		{A13C22F4-E23A-4D4E-BD34-B707EA99C5F6}.Debug|Any CPU.Build.0 = Debug|Any CPU
		{A13C22F4-E23A-4D4E-BD34-B707EA99C5F6}.Release|Any CPU.ActiveCfg = Release|Any CPU
		{A13C22F4-E23A-4D4E-BD34-B707EA99C5F6}.Release|Any CPU.Build.0 = Release|Any CPU
	EndGlobalSection
	GlobalSection(SolutionProperties) = preSolution
		HideSolutionNode = FALSE
	EndGlobalSection
	GlobalSection(NestedProjects) = preSolution
		{47AACC01-1A49-4B16-8C0B-F757DFC6ADDA} = {1514E53A-C8CD-448B-B581-ECBF0744DFB0}
		{75A9399A-1260-43D4-A657-AEEFA517F9A0} = {1514E53A-C8CD-448B-B581-ECBF0744DFB0}
		{2849D9BF-D8F3-41EE-9F80-F05646E7483B} = {1514E53A-C8CD-448B-B581-ECBF0744DFB0}
		{390CEBE6-EE7C-4976-9ADE-064DA1EE1DC0} = {1514E53A-C8CD-448B-B581-ECBF0744DFB0}
		{CE141B5D-AE40-4C72-BE84-7E2ECE7E5EC8} = {47AACC01-1A49-4B16-8C0B-F757DFC6ADDA}
		{88216C0A-AD25-41C1-AFD9-4DED97B2D98D} = {47AACC01-1A49-4B16-8C0B-F757DFC6ADDA}
		{1FA3DD90-4C97-4288-A370-A131AB214978} = {2849D9BF-D8F3-41EE-9F80-F05646E7483B}
		{29D3B5DC-DC99-477F-BDA7-FA6BE1E5CF5D} = {2849D9BF-D8F3-41EE-9F80-F05646E7483B}
		{9577BAA1-26B9-4101-A3F4-E4D6049661CA} = {75A9399A-1260-43D4-A657-AEEFA517F9A0}
		{A13C22F4-E23A-4D4E-BD34-B707EA99C5F6} = {390CEBE6-EE7C-4976-9ADE-064DA1EE1DC0}
	EndGlobalSection
	GlobalSection(ExtensibilityGlobals) = postSolution
		SolutionGuid = {0DEA1553-8D17-45EF-8DE8-68642D3F4ECC}
	EndGlobalSection
EndGlobal
